
Microsoft Visual Studio Solution File, Format Version 12.00
# Visual Studio Version 16
VisualStudioVersion = 16.0.31321.278
MinimumVisualStudioVersion = 10.0.40219.1
Project("{FAE04EC0-301F-11D3-BF4B-00C04F79EFBC}") = "TPC_Stamm_Gomez", "TPC_Stamm_Gomez\TPC_Stamm_Gomez.csproj", "{1A593DE2-7E0A-4AB9-A046-7DC6E1BD837E}"
EndProject
Global
	GlobalSection(SolutionConfigurationPlatforms) = preSolution
		Debug|Any CPU = Debug|Any CPU
		Release|Any CPU = Release|Any CPU
	EndGlobalSection
	GlobalSection(ProjectConfigurationPlatforms) = postSolution
		{1A593DE2-7E0A-4AB9-A046-7DC6E1BD837E}.Debug|Any CPU.ActiveCfg = Debug|Any CPU
		{1A593DE2-7E0A-4AB9-A046-7DC6E1BD837E}.Debug|Any CPU.Build.0 = Debug|Any CPU
		{1A593DE2-7E0A-4AB9-A046-7DC6E1BD837E}.Release|Any CPU.ActiveCfg = Release|Any CPU
		{1A593DE2-7E0A-4AB9-A046-7DC6E1BD837E}.Release|Any CPU.Build.0 = Release|Any CPU
	EndGlobalSection
	GlobalSection(SolutionProperties) = preSolution
		HideSolutionNode = FALSE
	EndGlobalSection
	GlobalSection(ExtensibilityGlobals) = postSolution
		SolutionGuid = {035840FF-451C-4784-BB96-908B59007A04}
	EndGlobalSection
EndGlobal
